
Microsoft Visual Studio Solution File, Format Version 12.00
# Visual Studio 15
VisualStudioVersion = 15.0.26124.0
MinimumVisualStudioVersion = 15.0.26124.0
Project("{FAE04EC0-301F-11D3-BF4B-00C04F79EFBC}") = "Domain", "Domain\Domain.csproj", "{E08C876F-EDE5-41B9-BBDB-25627B0FC885}"
EndProject
Project("{FAE04EC0-301F-11D3-BF4B-00C04F79EFBC}") = "Application", "Application\Application.csproj", "{68427316-AA4C-4A15-ACE7-697F45BCCBDE}"
EndProject
Project("{FAE04EC0-301F-11D3-BF4B-00C04F79EFBC}") = "Persistence", "Persistence\Persistence.csproj", "{6410E082-7F27-4356-A090-F5C8EA2400C1}"
EndProject
Project("{FAE04EC0-301F-11D3-BF4B-00C04F79EFBC}") = "API", "API\API.csproj", "{BC44D64C-6116-4B79-A4C5-62C058717CF8}"
EndProject
Global
	GlobalSection(SolutionConfigurationPlatforms) = preSolution
		Debug|Any CPU = Debug|Any CPU
		Debug|x64 = Debug|x64
		Debug|x86 = Debug|x86
		Release|Any CPU = Release|Any CPU
		Release|x64 = Release|x64
		Release|x86 = Release|x86
	EndGlobalSection
	GlobalSection(SolutionProperties) = preSolution
		HideSolutionNode = FALSE
	EndGlobalSection
	GlobalSection(ProjectConfigurationPlatforms) = postSolution
		{E08C876F-EDE5-41B9-BBDB-25627B0FC885}.Debug|Any CPU.ActiveCfg = Debug|Any CPU
		{E08C876F-EDE5-41B9-BBDB-25627B0FC885}.Debug|Any CPU.Build.0 = Debug|Any CPU
		{E08C876F-EDE5-41B9-BBDB-25627B0FC885}.Debug|x64.ActiveCfg = Debug|Any CPU
		{E08C876F-EDE5-41B9-BBDB-25627B0FC885}.Debug|x64.Build.0 = Debug|Any CPU
		{E08C876F-EDE5-41B9-BBDB-25627B0FC885}.Debug|x86.ActiveCfg = Debug|Any CPU
		{E08C876F-EDE5-41B9-BBDB-25627B0FC885}.Debug|x86.Build.0 = Debug|Any CPU
		{E08C876F-EDE5-41B9-BBDB-25627B0FC885}.Release|Any CPU.ActiveCfg = Release|Any CPU
		{E08C876F-EDE5-41B9-BBDB-25627B0FC885}.Release|Any CPU.Build.0 = Release|Any CPU
		{E08C876F-EDE5-41B9-BBDB-25627B0FC885}.Release|x64.ActiveCfg = Release|Any CPU
		{E08C876F-EDE5-41B9-BBDB-25627B0FC885}.Release|x64.Build.0 = Release|Any CPU
		{E08C876F-EDE5-41B9-BBDB-25627B0FC885}.Release|x86.ActiveCfg = Release|Any CPU
		{E08C876F-EDE5-41B9-BBDB-25627B0FC885}.Release|x86.Build.0 = Release|Any CPU
		{68427316-AA4C-4A15-ACE7-697F45BCCBDE}.Debug|Any CPU.ActiveCfg = Debug|Any CPU
		{68427316-AA4C-4A15-ACE7-697F45BCCBDE}.Debug|Any CPU.Build.0 = Debug|Any CPU
		{68427316-AA4C-4A15-ACE7-697F45BCCBDE}.Debug|x64.ActiveCfg = Debug|Any CPU
		{68427316-AA4C-4A15-ACE7-697F45BCCBDE}.Debug|x64.Build.0 = Debug|Any CPU
		{68427316-AA4C-4A15-ACE7-697F45BCCBDE}.Debug|x86.ActiveCfg = Debug|Any CPU
		{68427316-AA4C-4A15-ACE7-697F45BCCBDE}.Debug|x86.Build.0 = Debug|Any CPU
		{68427316-AA4C-4A15-ACE7-697F45BCCBDE}.Release|Any CPU.ActiveCfg = Release|Any CPU
		{68427316-AA4C-4A15-ACE7-697F45BCCBDE}.Release|Any CPU.Build.0 = Release|Any CPU
		{68427316-AA4C-4A15-ACE7-697F45BCCBDE}.Release|x64.ActiveCfg = Release|Any CPU
		{68427316-AA4C-4A15-ACE7-697F45BCCBDE}.Release|x64.Build.0 = Release|Any CPU
		{68427316-AA4C-4A15-ACE7-697F45BCCBDE}.Release|x86.ActiveCfg = Release|Any CPU
		{68427316-AA4C-4A15-ACE7-697F45BCCBDE}.Release|x86.Build.0 = Release|Any CPU
		{6410E082-7F27-4356-A090-F5C8EA2400C1}.Debug|Any CPU.ActiveCfg = Debug|Any CPU
		{6410E082-7F27-4356-A090-F5C8EA2400C1}.Debug|Any CPU.Build.0 = Debug|Any CPU
		{6410E082-7F27-4356-A090-F5C8EA2400C1}.Debug|x64.ActiveCfg = Debug|Any CPU
		{6410E082-7F27-4356-A090-F5C8EA2400C1}.Debug|x64.Build.0 = Debug|Any CPU
		{6410E082-7F27-4356-A090-F5C8EA2400C1}.Debug|x86.ActiveCfg = Debug|Any CPU
		{6410E082-7F27-4356-A090-F5C8EA2400C1}.Debug|x86.Build.0 = Debug|Any CPU
		{6410E082-7F27-4356-A090-F5C8EA2400C1}.Release|Any CPU.ActiveCfg = Release|Any CPU
		{6410E082-7F27-4356-A090-F5C8EA2400C1}.Release|Any CPU.Build.0 = Release|Any CPU
		{6410E082-7F27-4356-A090-F5C8EA2400C1}.Release|x64.ActiveCfg = Release|Any CPU
		{6410E082-7F27-4356-A090-F5C8EA2400C1}.Release|x64.Build.0 = Release|Any CPU
		{6410E082-7F27-4356-A090-F5C8EA2400C1}.Release|x86.ActiveCfg = Release|Any CPU
		{6410E082-7F27-4356-A090-F5C8EA2400C1}.Release|x86.Build.0 = Release|Any CPU
		{BC44D64C-6116-4B79-A4C5-62C058717CF8}.Debug|Any CPU.ActiveCfg = Debug|Any CPU
		{BC44D64C-6116-4B79-A4C5-62C058717CF8}.Debug|Any CPU.Build.0 = Debug|Any CPU
		{BC44D64C-6116-4B79-A4C5-62C058717CF8}.Debug|x64.ActiveCfg = Debug|Any CPU
		{BC44D64C-6116-4B79-A4C5-62C058717CF8}.Debug|x64.Build.0 = Debug|Any CPU
		{BC44D64C-6116-4B79-A4C5-62C058717CF8}.Debug|x86.ActiveCfg = Debug|Any CPU
		{BC44D64C-6116-4B79-A4C5-62C058717CF8}.Debug|x86.Build.0 = Debug|Any CPU
		{BC44D64C-6116-4B79-A4C5-62C058717CF8}.Release|Any CPU.ActiveCfg = Release|Any CPU
		{BC44D64C-6116-4B79-A4C5-62C058717CF8}.Release|Any CPU.Build.0 = Release|Any CPU
		{BC44D64C-6116-4B79-A4C5-62C058717CF8}.Release|x64.ActiveCfg = Release|Any CPU
		{BC44D64C-6116-4B79-A4C5-62C058717CF8}.Release|x64.Build.0 = Release|Any CPU
		{BC44D64C-6116-4B79-A4C5-62C058717CF8}.Release|x86.ActiveCfg = Release|Any CPU
		{BC44D64C-6116-4B79-A4C5-62C058717CF8}.Release|x86.Build.0 = Release|Any CPU
	EndGlobalSection
EndGlobal
